
Microsoft Visual Studio Solution File, Format Version 12.00
# Visual Studio 15
VisualStudioVersion = 15.0.28307.779
MinimumVisualStudioVersion = 10.0.40219.1
Project("{9A19103F-16F7-4668-BE54-9A1E7A4F7556}") = "ReverseNumbers", "ReverseNumbers\ReverseNumbers.csproj", "{68295A55-1D06-4137-B9AD-31CDA5F87ADB}"
EndProject
Project("{9A19103F-16F7-4668-BE54-9A1E7A4F7556}") = "PowersOfTwo", "PowersOfTwo\PowersOfTwo.csproj", "{C5EBE576-A5A3-4B9C-B19C-E0A6C4AFF2EE}"
EndProject
Project("{9A19103F-16F7-4668-BE54-9A1E7A4F7556}") = "EvenPowersOfTwo", "EvenPowersOfTwo\EvenPowersOfTwo.csproj", "{858F9AF6-E7ED-447A-9440-01EC2B18E9CD}"
EndProject
Project("{9A19103F-16F7-4668-BE54-9A1E7A4F7556}") = "SequenceOfNumbers", "SequenceOfNumbers\SequenceOfNumbers.csproj", "{928330C4-5F74-46F1-BF21-813D44BFEED9}"
EndProject
Project("{9A19103F-16F7-4668-BE54-9A1E7A4F7556}") = "NumberInRange", "NumberInRange\NumberInRange.csproj", "{1EA65CB2-F9DB-4AE0-9B4A-87D1FDE6DBBA}"
EndProject
Project("{9A19103F-16F7-4668-BE54-9A1E7A4F7556}") = "Digits", "Digits\Digits.csproj", "{62DAFAEB-1E22-44EF-8646-AB351D402217}"
EndProject
Project("{9A19103F-16F7-4668-BE54-9A1E7A4F7556}") = "Fibonacci", "Fibonacci\Fibonacci.csproj", "{8F49FBB6-C6C0-4024-A85A-7E350EE8AC88}"
EndProject
Project("{FAE04EC0-301F-11D3-BF4B-00C04F79EFBC}") = "DumbPasswords", "DumbPasswords\DumbPasswords.csproj", "{E16E465B-06A6-4285-9D76-2DB6067FFEB4}"
EndProject
Global
	GlobalSection(SolutionConfigurationPlatforms) = preSolution
		Debug|Any CPU = Debug|Any CPU
		Release|Any CPU = Release|Any CPU
	EndGlobalSection
	GlobalSection(ProjectConfigurationPlatforms) = postSolution
		{68295A55-1D06-4137-B9AD-31CDA5F87ADB}.Debug|Any CPU.ActiveCfg = Debug|Any CPU
		{68295A55-1D06-4137-B9AD-31CDA5F87ADB}.Debug|Any CPU.Build.0 = Debug|Any CPU
		{68295A55-1D06-4137-B9AD-31CDA5F87ADB}.Release|Any CPU.ActiveCfg = Release|Any CPU
		{68295A55-1D06-4137-B9AD-31CDA5F87ADB}.Release|Any CPU.Build.0 = Release|Any CPU
		{C5EBE576-A5A3-4B9C-B19C-E0A6C4AFF2EE}.Debug|Any CPU.ActiveCfg = Debug|Any CPU
		{C5EBE576-A5A3-4B9C-B19C-E0A6C4AFF2EE}.Debug|Any CPU.Build.0 = Debug|Any CPU
		{C5EBE576-A5A3-4B9C-B19C-E0A6C4AFF2EE}.Release|Any CPU.ActiveCfg = Release|Any CPU
		{C5EBE576-A5A3-4B9C-B19C-E0A6C4AFF2EE}.Release|Any CPU.Build.0 = Release|Any CPU
		{858F9AF6-E7ED-447A-9440-01EC2B18E9CD}.Debug|Any CPU.ActiveCfg = Debug|Any CPU
		{858F9AF6-E7ED-447A-9440-01EC2B18E9CD}.Debug|Any CPU.Build.0 = Debug|Any CPU
		{858F9AF6-E7ED-447A-9440-01EC2B18E9CD}.Release|Any CPU.ActiveCfg = Release|Any CPU
		{858F9AF6-E7ED-447A-9440-01EC2B18E9CD}.Release|Any CPU.Build.0 = Release|Any CPU
		{928330C4-5F74-46F1-BF21-813D44BFEED9}.Debug|Any CPU.ActiveCfg = Debug|Any CPU
		{928330C4-5F74-46F1-BF21-813D44BFEED9}.Debug|Any CPU.Build.0 = Debug|Any CPU
		{928330C4-5F74-46F1-BF21-813D44BFEED9}.Release|Any CPU.ActiveCfg = Release|Any CPU
		{928330C4-5F74-46F1-BF21-813D44BFEED9}.Release|Any CPU.Build.0 = Release|Any CPU
		{1EA65CB2-F9DB-4AE0-9B4A-87D1FDE6DBBA}.Debug|Any CPU.ActiveCfg = Debug|Any CPU
		{1EA65CB2-F9DB-4AE0-9B4A-87D1FDE6DBBA}.Debug|Any CPU.Build.0 = Debug|Any CPU
		{1EA65CB2-F9DB-4AE0-9B4A-87D1FDE6DBBA}.Release|Any CPU.ActiveCfg = Release|Any CPU
		{1EA65CB2-F9DB-4AE0-9B4A-87D1FDE6DBBA}.Release|Any CPU.Build.0 = Release|Any CPU
		{62DAFAEB-1E22-44EF-8646-AB351D402217}.Debug|Any CPU.ActiveCfg = Debug|Any CPU
		{62DAFAEB-1E22-44EF-8646-AB351D402217}.Debug|Any CPU.Build.0 = Debug|Any CPU
		{62DAFAEB-1E22-44EF-8646-AB351D402217}.Release|Any CPU.ActiveCfg = Release|Any CPU
		{62DAFAEB-1E22-44EF-8646-AB351D402217}.Release|Any CPU.Build.0 = Release|Any CPU
		{8F49FBB6-C6C0-4024-A85A-7E350EE8AC88}.Debug|Any CPU.ActiveCfg = Debug|Any CPU
		{8F49FBB6-C6C0-4024-A85A-7E350EE8AC88}.Debug|Any CPU.Build.0 = Debug|Any CPU
		{8F49FBB6-C6C0-4024-A85A-7E350EE8AC88}.Release|Any CPU.ActiveCfg = Release|Any CPU
		{8F49FBB6-C6C0-4024-A85A-7E350EE8AC88}.Release|Any CPU.Build.0 = Release|Any CPU
		{E16E465B-06A6-4285-9D76-2DB6067FFEB4}.Debug|Any CPU.ActiveCfg = Debug|Any CPU
		{E16E465B-06A6-4285-9D76-2DB6067FFEB4}.Debug|Any CPU.Build.0 = Debug|Any CPU
		{E16E465B-06A6-4285-9D76-2DB6067FFEB4}.Release|Any CPU.ActiveCfg = Release|Any CPU
		{E16E465B-06A6-4285-9D76-2DB6067FFEB4}.Release|Any CPU.Build.0 = Release|Any CPU
	EndGlobalSection
	GlobalSection(SolutionProperties) = preSolution
		HideSolutionNode = FALSE
	EndGlobalSection
	GlobalSection(ExtensibilityGlobals) = postSolution
		SolutionGuid = {3A7AFADF-15D9-4416-867E-1AA1826AEF70}
	EndGlobalSection
EndGlobal
